
Microsoft Visual Studio Solution File, Format Version 12.00
# Visual Studio Version 17
VisualStudioVersion = 17.10.35027.167
MinimumVisualStudioVersion = 10.0.40219.1
Project("{9A19103F-16F7-4668-BE54-9A1E7A4F7556}") = "ProjectNhom", "ProjectNhom\ProjectNhom.csproj", "{DF634197-70AB-4E62-8733-9035B48570BC}"
EndProject
Global
	GlobalSection(SolutionConfigurationPlatforms) = preSolution
		Debug|Any CPU = Debug|Any CPU
		Release|Any CPU = Release|Any CPU
	EndGlobalSection
	GlobalSection(ProjectConfigurationPlatforms) = postSolution
		{DF634197-70AB-4E62-8733-9035B48570BC}.Debug|Any CPU.ActiveCfg = Debug|Any CPU
		{DF634197-70AB-4E62-8733-9035B48570BC}.Debug|Any CPU.Build.0 = Debug|Any CPU
		{DF634197-70AB-4E62-8733-9035B48570BC}.Release|Any CPU.ActiveCfg = Release|Any CPU
		{DF634197-70AB-4E62-8733-9035B48570BC}.Release|Any CPU.Build.0 = Release|Any CPU
	EndGlobalSection
	GlobalSection(SolutionProperties) = preSolution
		HideSolutionNode = FALSE
	EndGlobalSection
	GlobalSection(ExtensibilityGlobals) = postSolution
		SolutionGuid = {8CB96FEB-AA35-4562-897D-5E8B2A896FBB}
	EndGlobalSection
EndGlobal
